
Microsoft Visual Studio Solution File, Format Version 12.00
Project("{FAE04EC0-301F-11D3-BF4B-00C04F79EFBC}") = "MinecraftNotes", "MinecraftNotes\MinecraftNotes.csproj", "{EB682C1D-7765-4A9E-A705-E0D8B7C2C7F4}"
EndProject
Global
	GlobalSection(SolutionConfigurationPlatforms) = preSolution
		Debug|Any CPU = Debug|Any CPU
		Release|Any CPU = Release|Any CPU
		GitHubScreenshot|Any CPU = GitHubScreenshot|Any CPU
	EndGlobalSection
	GlobalSection(ProjectConfigurationPlatforms) = postSolution
		{EB682C1D-7765-4A9E-A705-E0D8B7C2C7F4}.Debug|Any CPU.ActiveCfg = Debug|Any CPU
		{EB682C1D-7765-4A9E-A705-E0D8B7C2C7F4}.Debug|Any CPU.Build.0 = Debug|Any CPU
		{EB682C1D-7765-4A9E-A705-E0D8B7C2C7F4}.Release|Any CPU.ActiveCfg = Release|Any CPU
		{EB682C1D-7765-4A9E-A705-E0D8B7C2C7F4}.Release|Any CPU.Build.0 = Release|Any CPU
		{EB682C1D-7765-4A9E-A705-E0D8B7C2C7F4}.GitHubScreenshot|Any CPU.ActiveCfg = GitHubScreenshot|Any CPU
		{EB682C1D-7765-4A9E-A705-E0D8B7C2C7F4}.GitHubScreenshot|Any CPU.Build.0 = GitHubScreenshot|Any CPU
	EndGlobalSection
EndGlobal
